
Microsoft Visual Studio Solution File, Format Version 12.00
# Visual Studio Version 16
VisualStudioVersion = 16.0.30011.22
MinimumVisualStudioVersion = 10.0.40219.1
Project("{FAE04EC0-301F-11D3-BF4B-00C04F79EFBC}") = "my-iis-app", "my-iis-app.csproj", "{F86840B7-06D8-47AD-AF8C-3B94D9098AB8}"
EndProject
Global
	GlobalSection(SolutionConfigurationPlatforms) = preSolution
		Debug|Any CPU = Debug|Any CPU
		Release|Any CPU = Release|Any CPU
	EndGlobalSection
	GlobalSection(ProjectConfigurationPlatforms) = postSolution
		{F86840B7-06D8-47AD-AF8C-3B94D9098AB8}.Debug|Any CPU.ActiveCfg = Debug|Any CPU
		{F86840B7-06D8-47AD-AF8C-3B94D9098AB8}.Debug|Any CPU.Build.0 = Debug|Any CPU
		{F86840B7-06D8-47AD-AF8C-3B94D9098AB8}.Release|Any CPU.ActiveCfg = Release|Any CPU
		{F86840B7-06D8-47AD-AF8C-3B94D9098AB8}.Release|Any CPU.Build.0 = Release|Any CPU
	EndGlobalSection
	GlobalSection(SolutionProperties) = preSolution
		HideSolutionNode = FALSE
	EndGlobalSection
	GlobalSection(ExtensibilityGlobals) = postSolution
		SolutionGuid = {6A9E3294-A688-498F-87F0-F6B42CF8816D}
	EndGlobalSection
EndGlobal
